
Microsoft Visual Studio Solution File, Format Version 12.00
Project("{FAE04EC0-301F-11D3-BF4B-00C04F79EFBC}") = "Irtl.Bff", "Irtl.Bff.csproj", "{8994C03D-D2BA-48FC-8D3F-DF39A97F281A}"
EndProject
Project("{FAE04EC0-301F-11D3-BF4B-00C04F79EFBC}") = "Irtl.Model", "..\..\libs\Irtl.Model\Irtl.Model.csproj", "{DA6DF4E2-3E2C-4BB8-931A-ED83E72DE13A}"
EndProject
Global
	GlobalSection(SolutionConfigurationPlatforms) = preSolution
		Debug|Any CPU = Debug|Any CPU
		Release|Any CPU = Release|Any CPU
	EndGlobalSection
	GlobalSection(ProjectConfigurationPlatforms) = postSolution
		{8994C03D-D2BA-48FC-8D3F-DF39A97F281A}.Debug|Any CPU.ActiveCfg = Debug|Any CPU
		{8994C03D-D2BA-48FC-8D3F-DF39A97F281A}.Debug|Any CPU.Build.0 = Debug|Any CPU
		{8994C03D-D2BA-48FC-8D3F-DF39A97F281A}.Release|Any CPU.ActiveCfg = Release|Any CPU
		{8994C03D-D2BA-48FC-8D3F-DF39A97F281A}.Release|Any CPU.Build.0 = Release|Any CPU
		{DA6DF4E2-3E2C-4BB8-931A-ED83E72DE13A}.Debug|Any CPU.ActiveCfg = Debug|Any CPU
		{DA6DF4E2-3E2C-4BB8-931A-ED83E72DE13A}.Debug|Any CPU.Build.0 = Debug|Any CPU
		{DA6DF4E2-3E2C-4BB8-931A-ED83E72DE13A}.Release|Any CPU.ActiveCfg = Release|Any CPU
		{DA6DF4E2-3E2C-4BB8-931A-ED83E72DE13A}.Release|Any CPU.Build.0 = Release|Any CPU
	EndGlobalSection
EndGlobal
